
Microsoft Visual Studio Solution File, Format Version 12.00
# Visual Studio 15
VisualStudioVersion = 15.0.26228.4
MinimumVisualStudioVersion = 10.0.40219.1
Project("{FAE04EC0-301F-11D3-BF4B-00C04F79EFBC}") = "AdoNet", "AdoNet\AdoNet.csproj", "{DDF20A3B-0E15-43DA-A4A3-CB29CC161DE7}"
EndProject
Project("{FAE04EC0-301F-11D3-BF4B-00C04F79EFBC}") = "ServiceHoster", "ServiceHoster\ServiceHoster.csproj", "{4D921E0C-35E7-4942-B9FB-29F07F398E6B}"
EndProject
Project("{FAE04EC0-301F-11D3-BF4B-00C04F79EFBC}") = "LabEmployeeService", "LabEmployeeService\LabEmployeeService.csproj", "{36179AB5-5C07-4693-BC41-6B092FC42F19}"
EndProject
Global
	GlobalSection(SolutionConfigurationPlatforms) = preSolution
		Debug|Any CPU = Debug|Any CPU
		Release|Any CPU = Release|Any CPU
	EndGlobalSection
	GlobalSection(ProjectConfigurationPlatforms) = postSolution
		{DDF20A3B-0E15-43DA-A4A3-CB29CC161DE7}.Debug|Any CPU.ActiveCfg = Debug|Any CPU
		{DDF20A3B-0E15-43DA-A4A3-CB29CC161DE7}.Debug|Any CPU.Build.0 = Debug|Any CPU
		{DDF20A3B-0E15-43DA-A4A3-CB29CC161DE7}.Release|Any CPU.ActiveCfg = Release|Any CPU
		{DDF20A3B-0E15-43DA-A4A3-CB29CC161DE7}.Release|Any CPU.Build.0 = Release|Any CPU
		{4D921E0C-35E7-4942-B9FB-29F07F398E6B}.Debug|Any CPU.ActiveCfg = Debug|Any CPU
		{4D921E0C-35E7-4942-B9FB-29F07F398E6B}.Debug|Any CPU.Build.0 = Debug|Any CPU
		{4D921E0C-35E7-4942-B9FB-29F07F398E6B}.Release|Any CPU.ActiveCfg = Release|Any CPU
		{4D921E0C-35E7-4942-B9FB-29F07F398E6B}.Release|Any CPU.Build.0 = Release|Any CPU
		{36179AB5-5C07-4693-BC41-6B092FC42F19}.Debug|Any CPU.ActiveCfg = Debug|Any CPU
		{36179AB5-5C07-4693-BC41-6B092FC42F19}.Debug|Any CPU.Build.0 = Debug|Any CPU
		{36179AB5-5C07-4693-BC41-6B092FC42F19}.Release|Any CPU.ActiveCfg = Release|Any CPU
		{36179AB5-5C07-4693-BC41-6B092FC42F19}.Release|Any CPU.Build.0 = Release|Any CPU
	EndGlobalSection
	GlobalSection(SolutionProperties) = preSolution
		HideSolutionNode = FALSE
	EndGlobalSection
EndGlobal
